
Microsoft Visual Studio Solution File, Format Version 12.00
Project("{FAE04EC0-301F-11D3-BF4B-00C04F79EFBC}") = "Stripe.Api", "Stripe.Api\Stripe.Api.csproj", "{F9C7B2E8-7003-4C76-95FC-A95C0A3689D9}"
EndProject
Global
	GlobalSection(SolutionConfigurationPlatforms) = preSolution
		Debug|Any CPU = Debug|Any CPU
		Release|Any CPU = Release|Any CPU
	EndGlobalSection
	GlobalSection(ProjectConfigurationPlatforms) = postSolution
		{F9C7B2E8-7003-4C76-95FC-A95C0A3689D9}.Debug|Any CPU.ActiveCfg = Debug|Any CPU
		{F9C7B2E8-7003-4C76-95FC-A95C0A3689D9}.Debug|Any CPU.Build.0 = Debug|Any CPU
		{F9C7B2E8-7003-4C76-95FC-A95C0A3689D9}.Release|Any CPU.ActiveCfg = Release|Any CPU
		{F9C7B2E8-7003-4C76-95FC-A95C0A3689D9}.Release|Any CPU.Build.0 = Release|Any CPU
	EndGlobalSection
EndGlobal
